
Microsoft Visual Studio Solution File, Format Version 12.00
# Visual Studio Version 17
VisualStudioVersion = 17.7.34003.232
MinimumVisualStudioVersion = 10.0.40219.1
Project("{8BC9CEB8-8B4A-11D0-8D11-00A0C91BC942}") = "Project1", "Project1\Project1.vcxproj", "{BCB13C65-8674-4ACE-8FBE-018E3F001A3A}"
EndProject
Global
	GlobalSection(SolutionConfigurationPlatforms) = preSolution
		Debug|x64 = Debug|x64
		Debug|x86 = Debug|x86
		Release|x64 = Release|x64
		Release|x86 = Release|x86
	EndGlobalSection
	GlobalSection(ProjectConfigurationPlatforms) = postSolution
		{BCB13C65-8674-4ACE-8FBE-018E3F001A3A}.Debug|x64.ActiveCfg = Debug|x64
		{BCB13C65-8674-4ACE-8FBE-018E3F001A3A}.Debug|x64.Build.0 = Debug|x64
		{BCB13C65-8674-4ACE-8FBE-018E3F001A3A}.Debug|x86.ActiveCfg = Debug|Win32
		{BCB13C65-8674-4ACE-8FBE-018E3F001A3A}.Debug|x86.Build.0 = Debug|Win32
		{BCB13C65-8674-4ACE-8FBE-018E3F001A3A}.Release|x64.ActiveCfg = Release|x64
		{BCB13C65-8674-4ACE-8FBE-018E3F001A3A}.Release|x64.Build.0 = Release|x64
		{BCB13C65-8674-4ACE-8FBE-018E3F001A3A}.Release|x86.ActiveCfg = Release|Win32
		{BCB13C65-8674-4ACE-8FBE-018E3F001A3A}.Release|x86.Build.0 = Release|Win32
	EndGlobalSection
	GlobalSection(SolutionProperties) = preSolution
		HideSolutionNode = FALSE
	EndGlobalSection
	GlobalSection(ExtensibilityGlobals) = postSolution
		SolutionGuid = {4193389C-477E-4041-9964-577348AB82EA}
	EndGlobalSection
EndGlobal
